
Microsoft Visual Studio Solution File, Format Version 12.00
# Visual Studio 14
VisualStudioVersion = 14.0.25420.1
MinimumVisualStudioVersion = 10.0.40219.1
Project("{FAE04EC0-301F-11D3-BF4B-00C04F79EFBC}") = "Exercise-PortalWeb", "..\..\..\..\..\..\Trabajo\Proyectos\Innocv\Net\exercise\exercise\Exercise-PortalWeb.csproj", "{0C64E464-685B-40E1-A591-E9F426E29975}"
	ProjectSection(ProjectDependencies) = postProject
		{CF75BA9B-B461-4437-9115-7A5D409DC78B} = {CF75BA9B-B461-4437-9115-7A5D409DC78B}
	EndProjectSection
EndProject
Project("{FAE04EC0-301F-11D3-BF4B-00C04F79EFBC}") = "Exercise-CoreInterface", "Exercise-CoreInterface\Exercise-CoreInterface.csproj", "{CF75BA9B-B461-4437-9115-7A5D409DC78B}"
EndProject
Project("{FAE04EC0-301F-11D3-BF4B-00C04F79EFBC}") = "Exercise-CoreImplement", "Exercise-CoreImplement\Exercise-CoreImplement.csproj", "{71DBCE1A-9607-4DF2-850B-68A441D3D2FC}"
	ProjectSection(ProjectDependencies) = postProject
		{CF75BA9B-B461-4437-9115-7A5D409DC78B} = {CF75BA9B-B461-4437-9115-7A5D409DC78B}
	EndProjectSection
EndProject
Project("{FAE04EC0-301F-11D3-BF4B-00C04F79EFBC}") = "Exercise-CoreData", "Exercise-CoreData\Exercise-CoreData.csproj", "{D37722FE-5382-4BC8-93B2-3F3C4A68B435}"
EndProject
Global
	GlobalSection(SolutionConfigurationPlatforms) = preSolution
		Debug|Any CPU = Debug|Any CPU
		Release|Any CPU = Release|Any CPU
	EndGlobalSection
	GlobalSection(ProjectConfigurationPlatforms) = postSolution
		{0C64E464-685B-40E1-A591-E9F426E29975}.Debug|Any CPU.ActiveCfg = Debug|Any CPU
		{0C64E464-685B-40E1-A591-E9F426E29975}.Debug|Any CPU.Build.0 = Debug|Any CPU
		{0C64E464-685B-40E1-A591-E9F426E29975}.Release|Any CPU.ActiveCfg = Release|Any CPU
		{0C64E464-685B-40E1-A591-E9F426E29975}.Release|Any CPU.Build.0 = Release|Any CPU
		{CF75BA9B-B461-4437-9115-7A5D409DC78B}.Debug|Any CPU.ActiveCfg = Debug|Any CPU
		{CF75BA9B-B461-4437-9115-7A5D409DC78B}.Debug|Any CPU.Build.0 = Debug|Any CPU
		{CF75BA9B-B461-4437-9115-7A5D409DC78B}.Release|Any CPU.ActiveCfg = Release|Any CPU
		{CF75BA9B-B461-4437-9115-7A5D409DC78B}.Release|Any CPU.Build.0 = Release|Any CPU
		{71DBCE1A-9607-4DF2-850B-68A441D3D2FC}.Debug|Any CPU.ActiveCfg = Debug|Any CPU
		{71DBCE1A-9607-4DF2-850B-68A441D3D2FC}.Debug|Any CPU.Build.0 = Debug|Any CPU
		{71DBCE1A-9607-4DF2-850B-68A441D3D2FC}.Release|Any CPU.ActiveCfg = Release|Any CPU
		{71DBCE1A-9607-4DF2-850B-68A441D3D2FC}.Release|Any CPU.Build.0 = Release|Any CPU
		{D37722FE-5382-4BC8-93B2-3F3C4A68B435}.Debug|Any CPU.ActiveCfg = Debug|Any CPU
		{D37722FE-5382-4BC8-93B2-3F3C4A68B435}.Debug|Any CPU.Build.0 = Debug|Any CPU
		{D37722FE-5382-4BC8-93B2-3F3C4A68B435}.Release|Any CPU.ActiveCfg = Release|Any CPU
		{D37722FE-5382-4BC8-93B2-3F3C4A68B435}.Release|Any CPU.Build.0 = Release|Any CPU
	EndGlobalSection
	GlobalSection(SolutionProperties) = preSolution
		HideSolutionNode = FALSE
	EndGlobalSection
EndGlobal
